// !$*UTF8*$!
{
	archiveVersion = 1;
	classes = {
	};
	objectVersion = 56;
	objects = {

/* Begin PBXBuildFile section */
		4FC77C542F2C67D900D8AA00 /* AppDelegate.swift in Sources */ = {isa = PBXBuildFile; fileRef = 4FC77C532F2C67D900D8AA00 /* AppDelegate.swift */; };
		4FC77C562F2C67D900D8AA00 /* SceneDelegate.swift in Sources */ = {isa = PBXBuildFile; fileRef = 4FC77C552F2C67D900D8AA00 /* SceneDelegate.swift */; };
		4FC77C582F2C67D900D8AA00 /* ViewController.swift in Sources */ = {isa = PBXBuildFile; fileRef = 4FC77C572F2C67D900D8AA00 /* ViewController.swift */; };
		4FC77C5B2F2C67D900D8AA00 /* Base in Resources */ = {isa = PBXBuildFile; fileRef = 4FC77C5A2F2C67D900D8AA00 /* Base */; };
		4FC77C5E2F2C67D900D8AA00 /* _23.xcdatamodeld in Sources */ = {isa = PBXBuildFile; fileRef = 4FC77C5C2F2C67D900D8AA00 /* _23.xcdatamodeld */; };
		4FC77C602F2C67DB00D8AA00 /* Assets.xcassets in Resources */ = {isa = PBXBuildFile; fileRef = 4FC77C5F2F2C67DB00D8AA00 /* Assets.xcassets */; };
		4FC77C632F2C67DB00D8AA00 /* Base in Resources */ = {isa = PBXBuildFile; fileRef = 4FC77C622F2C67DB00D8AA00 /* Base */; };
		4FC77C6E2F2C67DB00D8AA00 /* _23Tests.swift in Sources */ = {isa = PBXBuildFile; fileRef = 4FC77C6D2F2C67DB00D8AA00 /* _23Tests.swift */; };
		4FC77C782F2C67DB00D8AA00 /* _23UITests.swift in Sources */ = {isa = PBXBuildFile; fileRef = 4FC77C772F2C67DB00D8AA00 /* _23UITests.swift */; };
		4FC77C7A2F2C67DB00D8AA00 /* _23UITestsLaunchTests.swift in Sources */ = {isa = PBXBuildFile; fileRef = 4FC77C792F2C67DB00D8AA00 /* _23UITestsLaunchTests.swift */; };
/* End PBXBuildFile section */

/* Begin PBXContainerItemProxy section */
		4FC77C6A2F2C67DB00D8AA00 /* PBXContainerItemProxy */ = {
			isa = PBXContainerItemProxy;
			containerPortal = 4FC77C482F2C67D900D8AA00 /* Project object */;
			proxyType = 1;
			remoteGlobalIDString = 4FC77C4F2F2C67D900D8AA00;
			remoteInfo = 123;
		};
		4FC77C742F2C67DB00D8AA00 /* PBXContainerItemProxy */ = {
			isa = PBXContainerItemProxy;
			containerPortal = 4FC77C482F2C67D900D8AA00 /* Project object */;
			proxyType = 1;
			remoteGlobalIDString = 4FC77C4F2F2C67D900D8AA00;
			remoteInfo = 123;
		};
/* End PBXContainerItemProxy section */

/* Begin PBXFileReference section */
		4FC77C502F2C67D900D8AA00 /* 123.app */ = {isa = PBXFileReference; explicitFileType = wrapper.application; includeInIndex = 0; path = 123.app; sourceTree = BUILT_PRODUCTS_DIR; };
		4FC77C532F2C67D900D8AA00 /* AppDelegate.swift */ = {isa = PBXFileReference; lastKnownFileType = sourcecode.swift; path = AppDelegate.swift; sourceTree = "<group>"; };
		4FC77C552F2C67D900D8AA00 /* SceneDelegate.swift */ = {isa = PBXFileReference; lastKnownFileType = sourcecode.swift; path = SceneDelegate.swift; sourceTree = "<group>"; };
		4FC77C572F2C67D900D8AA00 /* ViewController.swift */ = {isa = PBXFileReference; lastKnownFileType = sourcecode.swift; path = ViewController.swift; sourceTree = "<group>"; };
		4FC77C5A2F2C67D900D8AA00 /* Base */ = {isa = PBXFileReference; lastKnownFileType = file.storyboard; name = Base; path = Base.lproj/Main.storyboard; sourceTree = "<group>"; };
		4FC77C5D2F2C67D900D8AA00 /* _23.xcdatamodel */ = {isa = PBXFileReference; lastKnownFileType = wrapper.xcdatamodel; path = _23.xcdatamodel; sourceTree = "<group>"; };
		4FC77C5F2F2C67DB00D8AA00 /* Assets.xcassets */ = {isa = PBXFileReference; lastKnownFileType = folder.assetcatalog; path = Assets.xcassets; sourceTree = "<group>"; };
		4FC77C622F2C67DB00D8AA00 /* Base */ = {isa = PBXFileReference; lastKnownFileType = file.storyboard; name = Base; path = Base.lproj/LaunchScreen.storyboard; sourceTree = "<group>"; };
		4FC77C642F2C67DB00D8AA00 /* Info.plist */ = {isa = PBXFileReference; lastKnownFileType = text.plist.xml; path = Info.plist; sourceTree = "<group>"; };
		4FC77C692F2C67DB00D8AA00 /* 123Tests.xctest */ = {isa = PBXFileReference; explicitFileType = wrapper.cfbundle; includeInIndex = 0; path = 123Tests.xctest; sourceTree = BUILT_PRODUCTS_DIR; };
		4FC77C6D2F2C67DB00D8AA00 /* _23Tests.swift */ = {isa = PBXFileReference; lastKnownFileType = sourcecode.swift; path = _23Tests.swift; sourceTree = "<group>"; };
		4FC77C732F2C67DB00D8AA00 /* 123UITests.xctest */ = {isa = PBXFileReference; explicitFileType = wrapper.cfbundle; includeInIndex = 0; path = 123UITests.xctest; sourceTree = BUILT_PRODUCTS_DIR; };
		4FC77C772F2C67DB00D8AA00 /* _23UITests.swift */ = {isa = PBXFileReference; lastKnownFileType = sourcecode.swift; path = _23UITests.swift; sourceTree = "<group>"; };
		4FC77C792F2C67DB00D8AA00 /* _23UITestsLaunchTests.swift */ = {isa = PBXFileReference; lastKnownFileType = sourcecode.swift; path = _23UITestsLaunchTests.swift; sourceTree = "<group>"; };
/* End PBXFileReference section */

/* Begin PBXFrameworksBuildPhase section */
		4FC77C4D2F2C67D900D8AA00 /* Frameworks */ = {
			isa = PBXFrameworksBuildPhase;
			buildActionMask = 2147483647;
			files = (
			);
			runOnlyForDeploymentPostprocessing = 0;
		};
		4FC77C662F2C67DB00D8AA00 /* Frameworks */ = {
			isa = PBXFrameworksBuildPhase;
			buildActionMask = 2147483647;
			files = (
			);
			runOnlyForDeploymentPostprocessing = 0;
		};
		4FC77C702F2C67DB00D8AA00 /* Frameworks */ = {
			isa = PBXFrameworksBuildPhase;
			buildActionMask = 2147483647;
			files = (
			);
			runOnlyForDeploymentPostprocessing = 0;
		};
/* End PBXFrameworksBuildPhase section */

/* Begin PBXGroup section */
		4FC77C472F2C67D900D8AA00 = {
			isa = PBXGroup;
			children = (
				4FC77C522F2C67D900D8AA00 /* 123 */,
				4FC77C6C2F2C67DB00D8AA00 /* 123Tests */,
				4FC77C762F2C67DB00D8AA00 /* 123UITests */,
				4FC77C512F2C67D900D8AA00 /* Products */,
			);
			sourceTree = "<group>";
		};
		4FC77C512F2C67D900D8AA00 /* Products */ = {
			isa = PBXGroup;
			children = (
				4FC77C502F2C67D900D8AA00 /* 123.app */,
				4FC77C692F2C67DB00D8AA00 /* 123Tests.xctest */,
				4FC77C732F2C67DB00D8AA00 /* 123UITests.xctest */,
			);
			name = Products;
			sourceTree = "<group>";
		};
		4FC77C522F2C67D900D8AA00 /* 123 */ = {
			isa = PBXGroup;
			children = (
				4FC77C532F2C67D900D8AA00 /* AppDelegate.swift */,
				4FC77C552F2C67D900D8AA00 /* SceneDelegate.swift */,
				4FC77C572F2C67D900D8AA00 /* ViewController.swift */,
				4FC77C592F2C67D900D8AA00 /* Main.storyboard */,
				4FC77C5F2F2C67DB00D8AA00 /* Assets.xcassets */,
				4FC77C612F2C67DB00D8AA00 /* LaunchScreen.storyboard */,
				4FC77C642F2C67DB00D8AA00 /* Info.plist */,
				4FC77C5C2F2C67D900D8AA00 /* _23.xcdatamodeld */,
			);
			path = 123;
			sourceTree = "<group>";
		};
		4FC77C6C2F2C67DB00D8AA00 /* 123Tests */ = {
			isa = PBXGroup;
			children = (
				4FC77C6D2F2C67DB00D8AA00 /* _23Tests.swift */,
			);
			path = 123Tests;
			sourceTree = "<group>";
		};
		4FC77C762F2C67DB00D8AA00 /* 123UITests */ = {
			isa = PBXGroup;
			children = (
				4FC77C772F2C67DB00D8AA00 /* _23UITests.swift */,
				4FC77C792F2C67DB00D8AA00 /* _23UITestsLaunchTests.swift */,
			);
			path = 123UITests;
			sourceTree = "<group>";
		};
/* End PBXGroup section */

/* Begin PBXNativeTarget section */
		4FC77C4F2F2C67D900D8AA00 /* 123 */ = {
			isa = PBXNativeTarget;
			buildConfigurationList = 4FC77C7D2F2C67DB00D8AA00 /* Build configuration list for PBXNativeTarget "123" */;
			buildPhases = (
				4FC77C4C2F2C67D900D8AA00 /* Sources */,
				4FC77C4D2F2C67D900D8AA00 /* Frameworks */,
				4FC77C4E2F2C67D900D8AA00 /* Resources */,
			);
			buildRules = (
			);
			dependencies = (
			);
			name = 123;
			productName = 123;
			productReference = 4FC77C502F2C67D900D8AA00 /* 123.app */;
			productType = "com.apple.product-type.application";
		};
		4FC77C682F2C67DB00D8AA00 /* 123Tests */ = {
			isa = PBXNativeTarget;
			buildConfigurationList = 4FC77C802F2C67DB00D8AA00 /* Build configuration list for PBXNativeTarget "123Tests" */;
			buildPhases = (
				4FC77C652F2C67DB00D8AA00 /* Sources */,
				4FC77C662F2C67DB00D8AA00 /* Frameworks */,
				4FC77C672F2C67DB00D8AA00 /* Resources */,
			);
			buildRules = (
			);
			dependencies = (
				4FC77C6B2F2C67DB00D8AA00 /* PBXTargetDependency */,
			);
			name = 123Tests;
			productName = 123Tests;
			productReference = 4FC77C692F2C67DB00D8AA00 /* 123Tests.xctest */;
			productType = "com.apple.product-type.bundle.unit-test";
		};
		4FC77C722F2C67DB00D8AA00 /* 123UITests */ = {
			isa = PBXNativeTarget;
			buildConfigurationList = 4FC77C832F2C67DB00D8AA00 /* Build configuration list for PBXNativeTarget "123UITests" */;
			buildPhases = (
				4FC77C6F2F2C67DB00D8AA00 /* Sources */,
				4FC77C702F2C67DB00D8AA00 /* Frameworks */,
				4FC77C712F2C67DB00D8AA00 /* Resources */,
			);
			buildRules = (
			);
			dependencies = (
				4FC77C752F2C67DB00D8AA00 /* PBXTargetDependency */,
			);
			name = 123UITests;
			productName = 123UITests;
			productReference = 4FC77C732F2C67DB00D8AA00 /* 123UITests.xctest */;
			productType = "com.apple.product-type.bundle.ui-testing";
		};
/* End PBXNativeTarget section */

/* Begin PBXProject section */
		4FC77C482F2C67D900D8AA00 /* Project object */ = {
			isa = PBXProject;
			attributes = {
				BuildIndependentTargetsInParallel = 1;
				LastSwiftUpdateCheck = 1540;
				LastUpgradeCheck = 1540;
				TargetAttributes = {
					4FC77C4F2F2C67D900D8AA00 = {
						CreatedOnToolsVersion = 15.4;
					};
					4FC77C682F2C67DB00D8AA00 = {
						CreatedOnToolsVersion = 15.4;
						TestTargetID = 4FC77C4F2F2C67D900D8AA00;
					};
					4FC77C722F2C67DB00D8AA00 = {
						CreatedOnToolsVersion = 15.4;
						TestTargetID = 4FC77C4F2F2C67D900D8AA00;
					};
				};
			};
			buildConfigurationList = 4FC77C4B2F2C67D900D8AA00 /* Build configuration list for PBXProject "123" */;
			compatibilityVersion = "Xcode 14.0";
			developmentRegion = en;
			hasScannedForEncodings = 0;
			knownRegions = (
				en,
				Base,
			);
			mainGroup = 4FC77C472F2C67D900D8AA00;
			productRefGroup = 4FC77C512F2C67D900D8AA00 /* Products */;
			projectDirPath = "";
			projectRoot = "";
			targets = (
				4FC77C4F2F2C67D900D8AA00 /* 123 */,
				4FC77C682F2C67DB00D8AA00 /* 123Tests */,
				4FC77C722F2C67DB00D8AA00 /* 123UITests */,
			);
		};
/* End PBXProject section */

/* Begin PBXResourcesBuildPhase section */
		4FC77C4E2F2C67D900D8AA00 /* Resources */ = {
			isa = PBXResourcesBuildPhase;
			buildActionMask = 2147483647;
			files = (
				4FC77C602F2C67DB00D8AA00 /* Assets.xcassets in Resources */,
				4FC77C632F2C67DB00D8AA00 /* Base in Resources */,
				4FC77C5B2F2C67D900D8AA00 /* Base in Resources */,
			);
			runOnlyForDeploymentPostprocessing = 0;
		};
		4FC77C672F2C67DB00D8AA00 /* Resources */ = {
			isa = PBXResourcesBuildPhase;
			buildActionMask = 2147483647;
			files = (
			);
			runOnlyForDeploymentPostprocessing = 0;
		};
		4FC77C712F2C67DB00D8AA00 /* Resources */ = {
			isa = PBXResourcesBuildPhase;
			buildActionMask = 2147483647;
			files = (
			);
			runOnlyForDeploymentPostprocessing = 0;
		};
/* End PBXResourcesBuildPhase section */

/* Begin PBXSourcesBuildPhase section */
		4FC77C4C2F2C67D900D8AA00 /* Sources */ = {
			isa = PBXSourcesBuildPhase;
			buildActionMask = 2147483647;
			files = (
				4FC77C5E2F2C67D900D8AA00 /* _23.xcdatamodeld in Sources */,
				4FC77C582F2C67D900D8AA00 /* ViewController.swift in Sources */,
				4FC77C542F2C67D900D8AA00 /* AppDelegate.swift in Sources */,
				4FC77C562F2C67D900D8AA00 /* SceneDelegate.swift in Sources */,
			);
			runOnlyForDeploymentPostprocessing = 0;
		};
		4FC77C652F2C67DB00D8AA00 /* Sources */ = {
			isa = PBXSourcesBuildPhase;
			buildActionMask = 2147483647;
			files = (
				4FC77C6E2F2C67DB00D8AA00 /* _23Tests.swift in Sources */,
			);
			runOnlyForDeploymentPostprocessing = 0;
		};
		4FC77C6F2F2C67DB00D8AA00 /* Sources */ = {
			isa = PBXSourcesBuildPhase;
			buildActionMask = 2147483647;
			files = (
				4FC77C782F2C67DB00D8AA00 /* _23UITests.swift in Sources */,
				4FC77C7A2F2C67DB00D8AA00 /* _23UITestsLaunchTests.swift in Sources */,
			);
			runOnlyForDeploymentPostprocessing = 0;
		};
/* End PBXSourcesBuildPhase section */

/* Begin PBXTargetDependency section */
		4FC77C6B2F2C67DB00D8AA00 /* PBXTargetDependency */ = {
			isa = PBXTargetDependency;
			target = 4FC77C4F2F2C67D900D8AA00 /* 123 */;
			targetProxy = 4FC77C6A2F2C67DB00D8AA00 /* PBXContainerItemProxy */;
		};
		4FC77C752F2C67DB00D8AA00 /* PBXTargetDependency */ = {
			isa = PBXTargetDependency;
			target = 4FC77C4F2F2C67D900D8AA00 /* 123 */;
			targetProxy = 4FC77C742F2C67DB00D8AA00 /* PBXContainerItemProxy */;
		};
/* End PBXTargetDependency section */

/* Begin PBXVariantGroup section */
		4FC77C592F2C67D900D8AA00 /* Main.storyboard */ = {
			isa = PBXVariantGroup;
			children = (
				4FC77C5A2F2C67D900D8AA00 /* Base */,
			);
			name = Main.storyboard;
			sourceTree = "<group>";
		};
		4FC77C612F2C67DB00D8AA00 /* LaunchScreen.storyboard */ = {
			isa = PBXVariantGroup;
			children = (
				4FC77C622F2C67DB00D8AA00 /* Base */,
			);
			name = LaunchScreen.storyboard;
			sourceTree = "<group>";
		};
/* End PBXVariantGroup section */

/* Begin XCBuildConfiguration section */
		4FC77C7B2F2C67DB00D8AA00 /* Debug */ = {
			isa = XCBuildConfiguration;
			buildSettings = {
				ALWAYS_SEARCH_USER_PATHS = NO;
				ASSETCATALOG_COMPILER_GENERATE_SWIFT_ASSET_SYMBOL_EXTENSIONS = YES;
				CLANG_ANALYZER_NONNULL = YES;
				CLANG_ANALYZER_NUMBER_OBJECT_CONVERSION = YES_AGGRESSIVE;
				CLANG_CXX_LANGUAGE_STANDARD = "gnu++20";
				CLANG_ENABLE_MODULES = YES;
				CLANG_ENABLE_OBJC_ARC = YES;
				CLANG_ENABLE_OBJC_WEAK = YES;
				CLANG_WARN_BLOCK_CAPTURE_AUTORELEASING = YES;
				CLANG_WARN_BOOL_CONVERSION = YES;
				CLANG_WARN_COMMA = YES;
				CLANG_WARN_CONSTANT_CONVERSION = YES;
				CLANG_WARN_DEPRECATED_OBJC_IMPLEMENTATIONS = YES;
				CLANG_WARN_DIRECT_OBJC_ISA_USAGE = YES_ERROR;
				CLANG_WARN_DOCUMENTATION_COMMENTS = YES;
				CLANG_WARN_EMPTY_BODY = YES;
				CLANG_WARN_ENUM_CONVERSION = YES;
				CLANG_WARN_INFINITE_RECURSION = YES;
				CLANG_WARN_INT_CONVERSION = YES;
				CLANG_WARN_NON_LITERAL_NULL_CONVERSION = YES;
				CLANG_WARN_OBJC_IMPLICIT_RETAIN_SELF = YES;
				CLANG_WARN_OBJC_LITERAL_CONVERSION = YES;
				CLANG_WARN_OBJC_ROOT_CLASS = YES_ERROR;
				CLANG_WARN_QUOTED_INCLUDE_IN_FRAMEWORK_HEADER = YES;
				CLANG_WARN_RANGE_LOOP_ANALYSIS = YES;
				CLANG_WARN_STRICT_PROTOTYPES = YES;
				CLANG_WARN_SUSPICIOUS_MOVE = YES;
				CLANG_WARN_UNGUARDED_AVAILABILITY = YES_AGGRESSIVE;
				CLANG_WARN_UNREACHABLE_CODE = YES;
				CLANG_WARN__DUPLICATE_METHOD_MATCH = YES;
				COPY_PHASE_STRIP = NO;
				DEBUG_INFORMATION_FORMAT = dwarf;
				ENABLE_STRICT_OBJC_MSGSEND = YES;
				ENABLE_TESTABILITY = YES;
				ENABLE_USER_SCRIPT_SANDBOXING = YES;
				GCC_C_LANGUAGE_STANDARD = gnu17;
				GCC_DYNAMIC_NO_PIC = NO;
				GCC_NO_COMMON_BLOCKS = YES;
				GCC_OPTIMIZATION_LEVEL = 0;
				GCC_PREPROCESSOR_DEFINITIONS = (
					"DEBUG=1",
					"$(inherited)",
				);
				GCC_WARN_64_TO_32_BIT_CONVERSION = YES;
				GCC_WARN_ABOUT_RETURN_TYPE = YES_ERROR;
				GCC_WARN_UNDECLARED_SELECTOR = YES;
				GCC_WARN_UNINITIALIZED_AUTOS = YES_AGGRESSIVE;
				GCC_WARN_UNUSED_FUNCTION = YES;
				GCC_WARN_UNUSED_VARIABLE = YES;
				IPHONEOS_DEPLOYMENT_TARGET = 17.5;
				LOCALIZATION_PREFERS_STRING_CATALOGS = YES;
				MTL_ENABLE_DEBUG_INFO = INCLUDE_SOURCE;
				MTL_FAST_MATH = YES;
				ONLY_ACTIVE_ARCH = YES;
				SDKROOT = iphoneos;
				SWIFT_ACTIVE_COMPILATION_CONDITIONS = "DEBUG $(inherited)";
				SWIFT_OPTIMIZATION_LEVEL = "-Onone";
			};
			name = Debug;
		};
		4FC77C7C2F2C67DB00D8AA00 /* Release */ = {
			isa = XCBuildConfiguration;
			buildSettings = {
				ALWAYS_SEARCH_USER_PATHS = NO;
				ASSETCATALOG_COMPILER_GENERATE_SWIFT_ASSET_SYMBOL_EXTENSIONS = YES;
				CLANG_ANALYZER_NONNULL = YES;
				CLANG_ANALYZER_NUMBER_OBJECT_CONVERSION = YES_AGGRESSIVE;
				CLANG_CXX_LANGUAGE_STANDARD = "gnu++20";
				CLANG_ENABLE_MODULES = YES;
				CLANG_ENABLE_OBJC_ARC = YES;
				CLANG_ENABLE_OBJC_WEAK = YES;
				CLANG_WARN_BLOCK_CAPTURE_AUTORELEASING = YES;
				CLANG_WARN_BOOL_CONVERSION = YES;
				CLANG_WARN_COMMA = YES;
				CLANG_WARN_CONSTANT_CONVERSION = YES;
				CLANG_WARN_DEPRECATED_OBJC_IMPLEMENTATIONS = YES;
				CLANG_WARN_DIRECT_OBJC_ISA_USAGE = YES_ERROR;
				CLANG_WARN_DOCUMENTATION_COMMENTS = YES;
				CLANG_WARN_EMPTY_BODY = YES;
				CLANG_WARN_ENUM_CONVERSION = YES;
				CLANG_WARN_INFINITE_RECURSION = YES;
				CLANG_WARN_INT_CONVERSION = YES;
				CLANG_WARN_NON_LITERAL_NULL_CONVERSION = YES;
				CLANG_WARN_OBJC_IMPLICIT_RETAIN_SELF = YES;
				CLANG_WARN_OBJC_LITERAL_CONVERSION = YES;
				CLANG_WARN_OBJC_ROOT_CLASS = YES_ERROR;
				CLANG_WARN_QUOTED_INCLUDE_IN_FRAMEWORK_HEADER = YES;
				CLANG_WARN_RANGE_LOOP_ANALYSIS = YES;
				CLANG_WARN_STRICT_PROTOTYPES = YES;
				CLANG_WARN_SUSPICIOUS_MOVE = YES;
				CLANG_WARN_UNGUARDED_AVAILABILITY = YES_AGGRESSIVE;
				CLANG_WARN_UNREACHABLE_CODE = YES;
				CLANG_WARN__DUPLICATE_METHOD_MATCH = YES;
				COPY_PHASE_STRIP = NO;
				DEBUG_INFORMATION_FORMAT = "dwarf-with-dsym";
				ENABLE_NS_ASSERTIONS = NO;
				ENABLE_STRICT_OBJC_MSGSEND = YES;
				ENABLE_USER_SCRIPT_SANDBOXING = YES;
				GCC_C_LANGUAGE_STANDARD = gnu17;
				GCC_NO_COMMON_BLOCKS = YES;
				GCC_WARN_64_TO_32_BIT_CONVERSION = YES;
				GCC_WARN_ABOUT_RETURN_TYPE = YES_ERROR;
				GCC_WARN_UNDECLARED_SELECTOR = YES;
				GCC_WARN_UNINITIALIZED_AUTOS = YES_AGGRESSIVE;
				GCC_WARN_UNUSED_FUNCTION = YES;
				GCC_WARN_UNUSED_VARIABLE = YES;
				IPHONEOS_DEPLOYMENT_TARGET = 17.5;
				LOCALIZATION_PREFERS_STRING_CATALOGS = YES;
				MTL_ENABLE_DEBUG_INFO = NO;
				MTL_FAST_MATH = YES;
				SDKROOT = iphoneos;
				SWIFT_COMPILATION_MODE = wholemodule;
				VALIDATE_PRODUCT = YES;
			};
			name = Release;
		};
		4FC77C7E2F2C67DB00D8AA00 /* Debug */ = {
			isa = XCBuildConfiguration;
			buildSettings = {
				ASSETCATALOG_COMPILER_APPICON_NAME = AppIcon;
				ASSETCATALOG_COMPILER_GLOBAL_ACCENT_COLOR_NAME = AccentColor;
				CODE_SIGN_IDENTITY = "Apple Development";
				CODE_SIGN_STYLE = Automatic;
				CURRENT_PROJECT_VERSION = 1;
				DEVELOPMENT_TEAM = "";
				GENERATE_INFOPLIST_FILE = YES;
				INFOPLIST_FILE = 123/Info.plist;
				INFOPLIST_KEY_UIApplicationSupportsIndirectInputEvents = YES;
				INFOPLIST_KEY_UILaunchStoryboardName = LaunchScreen;
				INFOPLIST_KEY_UIMainStoryboardFile = Main;
				INFOPLIST_KEY_UISupportedInterfaceOrientations_iPad = "UIInterfaceOrientationPortrait UIInterfaceOrientationPortraitUpsideDown UIInterfaceOrientationLandscapeLeft UIInterfaceOrientationLandscapeRight";
				INFOPLIST_KEY_UISupportedInterfaceOrientations_iPhone = "UIInterfaceOrientationPortrait UIInterfaceOrientationLandscapeLeft UIInterfaceOrientationLandscapeRight";
				LD_RUNPATH_SEARCH_PATHS = (
					"$(inherited)",
					"@executable_path/Frameworks",
				);
				MARKETING_VERSION = 1.0;
				PRODUCT_BUNDLE_IDENTIFIER = com.test.ios.attaf;
				PRODUCT_NAME = "$(TARGET_NAME)";
				PROVISIONING_PROFILE_SPECIFIER = "";
				SWIFT_EMIT_LOC_STRINGS = YES;
				SWIFT_VERSION = 5.0;
				TARGETED_DEVICE_FAMILY = "1,2";
			};
			name = Debug;
		};
		4FC77C7F2F2C67DB00D8AA00 /* Release */ = {
			isa = XCBuildConfiguration;
			buildSettings = {
				ASSETCATALOG_COMPILER_APPICON_NAME = AppIcon;
				ASSETCATALOG_COMPILER_GLOBAL_ACCENT_COLOR_NAME = AccentColor;
				CODE_SIGN_IDENTITY = "Apple Development";
				CODE_SIGN_STYLE = Automatic;
				CURRENT_PROJECT_VERSION = 1;
				DEVELOPMENT_TEAM = "";
				GENERATE_INFOPLIST_FILE = YES;
				INFOPLIST_FILE = 123/Info.plist;
				INFOPLIST_KEY_UIApplicationSupportsIndirectInputEvents = YES;
				INFOPLIST_KEY_UILaunchStoryboardName = LaunchScreen;
				INFOPLIST_KEY_UIMainStoryboardFile = Main;
				INFOPLIST_KEY_UISupportedInterfaceOrientations_iPad = "UIInterfaceOrientationPortrait UIInterfaceOrientationPortraitUpsideDown UIInterfaceOrientationLandscapeLeft UIInterfaceOrientationLandscapeRight";
				INFOPLIST_KEY_UISupportedInterfaceOrientations_iPhone = "UIInterfaceOrientationPortrait UIInterfaceOrientationLandscapeLeft UIInterfaceOrientationLandscapeRight";
				LD_RUNPATH_SEARCH_PATHS = (
					"$(inherited)",
					"@executable_path/Frameworks",
				);
				MARKETING_VERSION = 1.0;
				PRODUCT_BUNDLE_IDENTIFIER = com.test.ios.attaf;
				PRODUCT_NAME = "$(TARGET_NAME)";
				PROVISIONING_PROFILE_SPECIFIER = "";
				SWIFT_EMIT_LOC_STRINGS = YES;
				SWIFT_VERSION = 5.0;
				TARGETED_DEVICE_FAMILY = "1,2";
			};
			name = Release;
		};
		4FC77C812F2C67DB00D8AA00 /* Debug */ = {
			isa = XCBuildConfiguration;
			buildSettings = {
				ALWAYS_EMBED_SWIFT_STANDARD_LIBRARIES = YES;
				BUNDLE_LOADER = "$(TEST_HOST)";
				CODE_SIGN_STYLE = Automatic;
				CURRENT_PROJECT_VERSION = 1;
				GENERATE_INFOPLIST_FILE = YES;
				IPHONEOS_DEPLOYMENT_TARGET = 17.5;
				MARKETING_VERSION = 1.0;
				PRODUCT_BUNDLE_IDENTIFIER = "-23123.-23Tests";
				PRODUCT_NAME = "$(TARGET_NAME)";
				SWIFT_EMIT_LOC_STRINGS = NO;
				SWIFT_VERSION = 5.0;
				TARGETED_DEVICE_FAMILY = "1,2";
				TEST_HOST = "$(BUILT_PRODUCTS_DIR)/123.app/$(BUNDLE_EXECUTABLE_FOLDER_PATH)/123";
			};
			name = Debug;
		};
		4FC77C822F2C67DB00D8AA00 /* Release */ = {
			isa = XCBuildConfiguration;
			buildSettings = {
				ALWAYS_EMBED_SWIFT_STANDARD_LIBRARIES = YES;
				BUNDLE_LOADER = "$(TEST_HOST)";
				CODE_SIGN_STYLE = Automatic;
				CURRENT_PROJECT_VERSION = 1;
				GENERATE_INFOPLIST_FILE = YES;
				IPHONEOS_DEPLOYMENT_TARGET = 17.5;
				MARKETING_VERSION = 1.0;
				PRODUCT_BUNDLE_IDENTIFIER = "-23123.-23Tests";
				PRODUCT_NAME = "$(TARGET_NAME)";
				SWIFT_EMIT_LOC_STRINGS = NO;
				SWIFT_VERSION = 5.0;
				TARGETED_DEVICE_FAMILY = "1,2";
				TEST_HOST = "$(BUILT_PRODUCTS_DIR)/123.app/$(BUNDLE_EXECUTABLE_FOLDER_PATH)/123";
			};
			name = Release;
		};
		4FC77C842F2C67DB00D8AA00 /* Debug */ = {
			isa = XCBuildConfiguration;
			buildSettings = {
				ALWAYS_EMBED_SWIFT_STANDARD_LIBRARIES = YES;
				CODE_SIGN_STYLE = Automatic;
				CURRENT_PROJECT_VERSION = 1;
				GENERATE_INFOPLIST_FILE = YES;
				MARKETING_VERSION = 1.0;
				PRODUCT_BUNDLE_IDENTIFIER = "-23123.-23UITests";
				PRODUCT_NAME = "$(TARGET_NAME)";
				SWIFT_EMIT_LOC_STRINGS = NO;
				SWIFT_VERSION = 5.0;
				TARGETED_DEVICE_FAMILY = "1,2";
				TEST_TARGET_NAME = 123;
			};
			name = Debug;
		};
		4FC77C852F2C67DB00D8AA00 /* Release */ = {
			isa = XCBuildConfiguration;
			buildSettings = {
				ALWAYS_EMBED_SWIFT_STANDARD_LIBRARIES = YES;
				CODE_SIGN_STYLE = Automatic;
				CURRENT_PROJECT_VERSION = 1;
				GENERATE_INFOPLIST_FILE = YES;
				MARKETING_VERSION = 1.0;
				PRODUCT_BUNDLE_IDENTIFIER = "-23123.-23UITests";
				PRODUCT_NAME = "$(TARGET_NAME)";
				SWIFT_EMIT_LOC_STRINGS = NO;
				SWIFT_VERSION = 5.0;
				TARGETED_DEVICE_FAMILY = "1,2";
				TEST_TARGET_NAME = 123;
			};
			name = Release;
		};
/* End XCBuildConfiguration section */

/* Begin XCConfigurationList section */
		4FC77C4B2F2C67D900D8AA00 /* Build configuration list for PBXProject "123" */ = {
			isa = XCConfigurationList;
			buildConfigurations = (
				4FC77C7B2F2C67DB00D8AA00 /* Debug */,
				4FC77C7C2F2C67DB00D8AA00 /* Release */,
			);
			defaultConfigurationIsVisible = 0;
			defaultConfigurationName = Release;
		};
		4FC77C7D2F2C67DB00D8AA00 /* Build configuration list for PBXNativeTarget "123" */ = {
			isa = XCConfigurationList;
			buildConfigurations = (
				4FC77C7E2F2C67DB00D8AA00 /* Debug */,
				4FC77C7F2F2C67DB00D8AA00 /* Release */,
			);
			defaultConfigurationIsVisible = 0;
			defaultConfigurationName = Release;
		};
		4FC77C802F2C67DB00D8AA00 /* Build configuration list for PBXNativeTarget "123Tests" */ = {
			isa = XCConfigurationList;
			buildConfigurations = (
				4FC77C812F2C67DB00D8AA00 /* Debug */,
				4FC77C822F2C67DB00D8AA00 /* Release */,
			);
			defaultConfigurationIsVisible = 0;
			defaultConfigurationName = Release;
		};
		4FC77C832F2C67DB00D8AA00 /* Build configuration list for PBXNativeTarget "123UITests" */ = {
			isa = XCConfigurationList;
			buildConfigurations = (
				4FC77C842F2C67DB00D8AA00 /* Debug */,
				4FC77C852F2C67DB00D8AA00 /* Release */,
			);
			defaultConfigurationIsVisible = 0;
			defaultConfigurationName = Release;
		};
/* End XCConfigurationList section */

/* Begin XCVersionGroup section */
		4FC77C5C2F2C67D900D8AA00 /* _23.xcdatamodeld */ = {
			isa = XCVersionGroup;
			children = (
				4FC77C5D2F2C67D900D8AA00 /* _23.xcdatamodel */,
			);
			currentVersion = 4FC77C5D2F2C67D900D8AA00 /* _23.xcdatamodel */;
			path = _23.xcdatamodeld;
			sourceTree = "<group>";
			versionGroupType = wrapper.xcdatamodel;
		};
/* End XCVersionGroup section */
	};
	rootObject = 4FC77C482F2C67D900D8AA00 /* Project object */;
}
